
Microsoft Visual Studio Solution File, Format Version 11.00
# Visual Studio 2010
Project("{FAE04EC0-301F-11D3-BF4B-00C04F79EFBC}") = "TileSample", "TileSample.csproj", "{4FA830D0-5028-4E6D-A394-5BDEBF0BFFCE}"
EndProject
Global
	GlobalSection(SolutionConfigurationPlatforms) = preSolution
		Debug|Any CPU = Debug|Any CPU
		Release|Any CPU = Release|Any CPU
	EndGlobalSection
	GlobalSection(ProjectConfigurationPlatforms) = postSolution
		{4FA830D0-5028-4E6D-A394-5BDEBF0BFFCE}.Debug|Any CPU.ActiveCfg = Debug|Any CPU
		{4FA830D0-5028-4E6D-A394-5BDEBF0BFFCE}.Debug|Any CPU.Build.0 = Debug|Any CPU
		{4FA830D0-5028-4E6D-A394-5BDEBF0BFFCE}.Debug|Any CPU.Deploy.0 = Debug|Any CPU
		{4FA830D0-5028-4E6D-A394-5BDEBF0BFFCE}.Release|Any CPU.ActiveCfg = Release|Any CPU
		{4FA830D0-5028-4E6D-A394-5BDEBF0BFFCE}.Release|Any CPU.Build.0 = Release|Any CPU
		{4FA830D0-5028-4E6D-A394-5BDEBF0BFFCE}.Release|Any CPU.Deploy.0 = Release|Any CPU
	EndGlobalSection
	GlobalSection(SolutionProperties) = preSolution
		HideSolutionNode = FALSE
	EndGlobalSection
EndGlobal
