
Microsoft Visual Studio Solution File, Format Version 11.00
# Visual Studio 2010
Project("{8BC9CEB8-8B4A-11D0-8D11-00A0C91BC942}") = "30_KLeastNumbers", "KLeastNumbers\KLeastNumbers.vcxproj", "{0745D8D0-152F-4B76-9C28-56AD0F057224}"
EndProject
Project("{8BC9CEB8-8B4A-11D0-8D11-00A0C91BC942}") = "Utilities", "Utilities\Utilities.vcxproj", "{50683686-1A57-42FA-8543-A23DFC6E19E6}"
EndProject
Project("{8BC9CEB8-8B4A-11D0-8D11-00A0C91BC942}") = "05_PrintListInReversedOrder", "PrintListInReversedOrder\PrintListInReversedOrder.vcxproj", "{4B1114E5-F237-4338-BD4C-D7947042D55C}"
	ProjectSection(ProjectDependencies) = postProject
		{50683686-1A57-42FA-8543-A23DFC6E19E6} = {50683686-1A57-42FA-8543-A23DFC6E19E6}
	EndProjectSection
EndProject
Project("{8BC9CEB8-8B4A-11D0-8D11-00A0C91BC942}") = "50_CommonParentInTree", "CommonParentInTree\CommonParentInTree.vcxproj", "{0489A59C-5456-437B-A147-B58332600F61}"
	ProjectSection(ProjectDependencies) = postProject
		{50683686-1A57-42FA-8543-A23DFC6E19E6} = {50683686-1A57-42FA-8543-A23DFC6E19E6}
	EndProjectSection
EndProject
Project("{8BC9CEB8-8B4A-11D0-8D11-00A0C91BC942}") = "42_1_ReverseWordsInSentence", "ReverseWordsInSentence\ReverseWordsInSentence.vcxproj", "{B9F59E4B-A696-48C8-80F9-E236DEAC9306}"
EndProject
Project("{8BC9CEB8-8B4A-11D0-8D11-00A0C91BC942}") = "42_2_LeftRotateString", "LeftRotateString\LeftRotateString.vcxproj", "{653B73ED-07FA-401D-BFF2-C5AE9BBAA255}"
	ProjectSection(ProjectDependencies) = postProject
		{50683686-1A57-42FA-8543-A23DFC6E19E6} = {50683686-1A57-42FA-8543-A23DFC6E19E6}
	EndProjectSection
EndProject
Project("{8BC9CEB8-8B4A-11D0-8D11-00A0C91BC942}") = "40_NumbersAppearOnce", "NumbersAppearOnce\NumbersAppearOnce.vcxproj", "{9FDBD3D2-8867-4871-BF5F-CF410D962089}"
EndProject
Project("{8BC9CEB8-8B4A-11D0-8D11-00A0C91BC942}") = "49_StringToInt", "StringToInt\StringToInt.vcxproj", "{BC106D87-F171-4ED6-90BE-B6FA81B0F05C}"
EndProject
Project("{8BC9CEB8-8B4A-11D0-8D11-00A0C91BC942}") = "47 AddTwoNumbers", "AddTwoNumbers\AddTwoNumbers.vcxproj", "{D9E75426-AEAA-4CA2-820C-F654598CD2D1}"
EndProject
Project("{8BC9CEB8-8B4A-11D0-8D11-00A0C91BC942}") = "33_SortArrayForMinNumber", "SortArrayForMinNumber\SortArrayForMinNumber.vcxproj", "{3E6266CC-8BCF-4796-96E0-0CE0F15322A7}"
EndProject
Project("{8BC9CEB8-8B4A-11D0-8D11-00A0C91BC942}") = "32_NumberOf1", "NumberOf1\NumberOf1.vcxproj", "{7B161905-C125-4BA4-BDD2-D7B6E088C708}"
EndProject
Project("{8BC9CEB8-8B4A-11D0-8D11-00A0C91BC942}") = "31_GreatestSumOfSubarrays", "GreatestSumOfSubarrays\GreatestSumOfSubarrays.vcxproj", "{C43FAF61-239A-4AEE-A587-398FEE878CB2}"
EndProject
Project("{8BC9CEB8-8B4A-11D0-8D11-00A0C91BC942}") = "10_NumberOf1InBinary", "NumberOf1InBinary\NumberOf1InBinary.vcxproj", "{A728A239-9F3E-443C-85F2-4BA2492BC18D}"
EndProject
Project("{8BC9CEB8-8B4A-11D0-8D11-00A0C91BC942}") = "11_Power", "Power\Power.vcxproj", "{B2CFFBA6-B450-4C2B-B96D-0EEA5D4B2351}"
EndProject
Project("{8BC9CEB8-8B4A-11D0-8D11-00A0C91BC942}") = "15_KthNodeFromEnd", "KthNodeFromEnd\KthNodeFromEnd.vcxproj", "{31977BBD-8DC9-43AF-8528-30527BC83CE1}"
EndProject
Project("{8BC9CEB8-8B4A-11D0-8D11-00A0C91BC942}") = "18_SubstructureInTree", "SubstructureInTree\SubstructureInTree.vcxproj", "{C5766764-CD27-4985-9FCD-C8DDD9A4AD55}"
EndProject
Project("{8BC9CEB8-8B4A-11D0-8D11-00A0C91BC942}") = "19_MirrorOfTree", "MirrorOfTree\MirrorOfTree.vcxproj", "{54943A1B-6704-4B12-9DAF-5D7798187E08}"
EndProject
Project("{8BC9CEB8-8B4A-11D0-8D11-00A0C91BC942}") = "23_PrintTreeFromTopToBottom", "PrintTreeFromTopToBottom\PrintTreeFromTopToBottom.vcxproj", "{3DB7C4A6-C477-4EDA-9B9B-77C3912924B0}"
EndProject
Project("{8BC9CEB8-8B4A-11D0-8D11-00A0C91BC942}") = "24_SequenceOfBST", "SequenceOfBST\SequenceOfBST.vcxproj", "{360F260B-76D9-4CCD-A9F7-A5F4FF25B627}"
EndProject
Project("{8BC9CEB8-8B4A-11D0-8D11-00A0C91BC942}") = "25_PathInTree", "PathInTree\PathInTree.vcxproj", "{346E8FB1-5BF4-4503-9CFA-579EC4BB7FA7}"
EndProject
Project("{8BC9CEB8-8B4A-11D0-8D11-00A0C91BC942}") = "26_CopyComplexList", "CopyComplexList\CopyComplexList.vcxproj", "{DFE61A03-25C4-469C-A914-FB4B1532DF50}"
EndProject
Project("{8BC9CEB8-8B4A-11D0-8D11-00A0C91BC942}") = "51_ConvertString", "51_ConvertString\51_ConvertString.vcxproj", "{BD284211-3BFC-421C-BB70-34E8BE0F5F4C}"
EndProject
Global
	GlobalSection(SolutionConfigurationPlatforms) = preSolution
		Debug|Win32 = Debug|Win32
		Release|Win32 = Release|Win32
	EndGlobalSection
	GlobalSection(ProjectConfigurationPlatforms) = postSolution
		{0745D8D0-152F-4B76-9C28-56AD0F057224}.Debug|Win32.ActiveCfg = Debug|Win32
		{0745D8D0-152F-4B76-9C28-56AD0F057224}.Debug|Win32.Build.0 = Debug|Win32
		{0745D8D0-152F-4B76-9C28-56AD0F057224}.Release|Win32.ActiveCfg = Release|Win32
		{0745D8D0-152F-4B76-9C28-56AD0F057224}.Release|Win32.Build.0 = Release|Win32
		{50683686-1A57-42FA-8543-A23DFC6E19E6}.Debug|Win32.ActiveCfg = Debug|Win32
		{50683686-1A57-42FA-8543-A23DFC6E19E6}.Debug|Win32.Build.0 = Debug|Win32
		{50683686-1A57-42FA-8543-A23DFC6E19E6}.Release|Win32.ActiveCfg = Release|Win32
		{50683686-1A57-42FA-8543-A23DFC6E19E6}.Release|Win32.Build.0 = Release|Win32
		{4B1114E5-F237-4338-BD4C-D7947042D55C}.Debug|Win32.ActiveCfg = Debug|Win32
		{4B1114E5-F237-4338-BD4C-D7947042D55C}.Debug|Win32.Build.0 = Debug|Win32
		{4B1114E5-F237-4338-BD4C-D7947042D55C}.Release|Win32.ActiveCfg = Release|Win32
		{4B1114E5-F237-4338-BD4C-D7947042D55C}.Release|Win32.Build.0 = Release|Win32
		{0489A59C-5456-437B-A147-B58332600F61}.Debug|Win32.ActiveCfg = Debug|Win32
		{0489A59C-5456-437B-A147-B58332600F61}.Debug|Win32.Build.0 = Debug|Win32
		{0489A59C-5456-437B-A147-B58332600F61}.Release|Win32.ActiveCfg = Release|Win32
		{0489A59C-5456-437B-A147-B58332600F61}.Release|Win32.Build.0 = Release|Win32
		{B9F59E4B-A696-48C8-80F9-E236DEAC9306}.Debug|Win32.ActiveCfg = Debug|Win32
		{B9F59E4B-A696-48C8-80F9-E236DEAC9306}.Debug|Win32.Build.0 = Debug|Win32
		{B9F59E4B-A696-48C8-80F9-E236DEAC9306}.Release|Win32.ActiveCfg = Release|Win32
		{B9F59E4B-A696-48C8-80F9-E236DEAC9306}.Release|Win32.Build.0 = Release|Win32
		{653B73ED-07FA-401D-BFF2-C5AE9BBAA255}.Debug|Win32.ActiveCfg = Debug|Win32
		{653B73ED-07FA-401D-BFF2-C5AE9BBAA255}.Debug|Win32.Build.0 = Debug|Win32
		{653B73ED-07FA-401D-BFF2-C5AE9BBAA255}.Release|Win32.ActiveCfg = Release|Win32
		{653B73ED-07FA-401D-BFF2-C5AE9BBAA255}.Release|Win32.Build.0 = Release|Win32
		{9FDBD3D2-8867-4871-BF5F-CF410D962089}.Debug|Win32.ActiveCfg = Debug|Win32
		{9FDBD3D2-8867-4871-BF5F-CF410D962089}.Debug|Win32.Build.0 = Debug|Win32
		{9FDBD3D2-8867-4871-BF5F-CF410D962089}.Release|Win32.ActiveCfg = Release|Win32
		{9FDBD3D2-8867-4871-BF5F-CF410D962089}.Release|Win32.Build.0 = Release|Win32
		{BC106D87-F171-4ED6-90BE-B6FA81B0F05C}.Debug|Win32.ActiveCfg = Debug|Win32
		{BC106D87-F171-4ED6-90BE-B6FA81B0F05C}.Debug|Win32.Build.0 = Debug|Win32
		{BC106D87-F171-4ED6-90BE-B6FA81B0F05C}.Release|Win32.ActiveCfg = Release|Win32
		{BC106D87-F171-4ED6-90BE-B6FA81B0F05C}.Release|Win32.Build.0 = Release|Win32
		{D9E75426-AEAA-4CA2-820C-F654598CD2D1}.Debug|Win32.ActiveCfg = Debug|Win32
		{D9E75426-AEAA-4CA2-820C-F654598CD2D1}.Debug|Win32.Build.0 = Debug|Win32
		{D9E75426-AEAA-4CA2-820C-F654598CD2D1}.Release|Win32.ActiveCfg = Release|Win32
		{D9E75426-AEAA-4CA2-820C-F654598CD2D1}.Release|Win32.Build.0 = Release|Win32
		{3E6266CC-8BCF-4796-96E0-0CE0F15322A7}.Debug|Win32.ActiveCfg = Debug|Win32
		{3E6266CC-8BCF-4796-96E0-0CE0F15322A7}.Debug|Win32.Build.0 = Debug|Win32
		{3E6266CC-8BCF-4796-96E0-0CE0F15322A7}.Release|Win32.ActiveCfg = Release|Win32
		{3E6266CC-8BCF-4796-96E0-0CE0F15322A7}.Release|Win32.Build.0 = Release|Win32
		{7B161905-C125-4BA4-BDD2-D7B6E088C708}.Debug|Win32.ActiveCfg = Debug|Win32
		{7B161905-C125-4BA4-BDD2-D7B6E088C708}.Debug|Win32.Build.0 = Debug|Win32
		{7B161905-C125-4BA4-BDD2-D7B6E088C708}.Release|Win32.ActiveCfg = Release|Win32
		{7B161905-C125-4BA4-BDD2-D7B6E088C708}.Release|Win32.Build.0 = Release|Win32
		{C43FAF61-239A-4AEE-A587-398FEE878CB2}.Debug|Win32.ActiveCfg = Debug|Win32
		{C43FAF61-239A-4AEE-A587-398FEE878CB2}.Debug|Win32.Build.0 = Debug|Win32
		{C43FAF61-239A-4AEE-A587-398FEE878CB2}.Release|Win32.ActiveCfg = Release|Win32
		{C43FAF61-239A-4AEE-A587-398FEE878CB2}.Release|Win32.Build.0 = Release|Win32
		{A728A239-9F3E-443C-85F2-4BA2492BC18D}.Debug|Win32.ActiveCfg = Debug|Win32
		{A728A239-9F3E-443C-85F2-4BA2492BC18D}.Debug|Win32.Build.0 = Debug|Win32
		{A728A239-9F3E-443C-85F2-4BA2492BC18D}.Release|Win32.ActiveCfg = Release|Win32
		{A728A239-9F3E-443C-85F2-4BA2492BC18D}.Release|Win32.Build.0 = Release|Win32
		{B2CFFBA6-B450-4C2B-B96D-0EEA5D4B2351}.Debug|Win32.ActiveCfg = Debug|Win32
		{B2CFFBA6-B450-4C2B-B96D-0EEA5D4B2351}.Debug|Win32.Build.0 = Debug|Win32
		{B2CFFBA6-B450-4C2B-B96D-0EEA5D4B2351}.Release|Win32.ActiveCfg = Release|Win32
		{B2CFFBA6-B450-4C2B-B96D-0EEA5D4B2351}.Release|Win32.Build.0 = Release|Win32
		{31977BBD-8DC9-43AF-8528-30527BC83CE1}.Debug|Win32.ActiveCfg = Debug|Win32
		{31977BBD-8DC9-43AF-8528-30527BC83CE1}.Debug|Win32.Build.0 = Debug|Win32
		{31977BBD-8DC9-43AF-8528-30527BC83CE1}.Release|Win32.ActiveCfg = Release|Win32
		{31977BBD-8DC9-43AF-8528-30527BC83CE1}.Release|Win32.Build.0 = Release|Win32
		{C5766764-CD27-4985-9FCD-C8DDD9A4AD55}.Debug|Win32.ActiveCfg = Debug|Win32
		{C5766764-CD27-4985-9FCD-C8DDD9A4AD55}.Debug|Win32.Build.0 = Debug|Win32
		{C5766764-CD27-4985-9FCD-C8DDD9A4AD55}.Release|Win32.ActiveCfg = Release|Win32
		{C5766764-CD27-4985-9FCD-C8DDD9A4AD55}.Release|Win32.Build.0 = Release|Win32
		{54943A1B-6704-4B12-9DAF-5D7798187E08}.Debug|Win32.ActiveCfg = Debug|Win32
		{54943A1B-6704-4B12-9DAF-5D7798187E08}.Debug|Win32.Build.0 = Debug|Win32
		{54943A1B-6704-4B12-9DAF-5D7798187E08}.Release|Win32.ActiveCfg = Release|Win32
		{54943A1B-6704-4B12-9DAF-5D7798187E08}.Release|Win32.Build.0 = Release|Win32
		{3DB7C4A6-C477-4EDA-9B9B-77C3912924B0}.Debug|Win32.ActiveCfg = Debug|Win32
		{3DB7C4A6-C477-4EDA-9B9B-77C3912924B0}.Debug|Win32.Build.0 = Debug|Win32
		{3DB7C4A6-C477-4EDA-9B9B-77C3912924B0}.Release|Win32.ActiveCfg = Release|Win32
		{3DB7C4A6-C477-4EDA-9B9B-77C3912924B0}.Release|Win32.Build.0 = Release|Win32
		{360F260B-76D9-4CCD-A9F7-A5F4FF25B627}.Debug|Win32.ActiveCfg = Debug|Win32
		{360F260B-76D9-4CCD-A9F7-A5F4FF25B627}.Debug|Win32.Build.0 = Debug|Win32
		{360F260B-76D9-4CCD-A9F7-A5F4FF25B627}.Release|Win32.ActiveCfg = Release|Win32
		{360F260B-76D9-4CCD-A9F7-A5F4FF25B627}.Release|Win32.Build.0 = Release|Win32
		{346E8FB1-5BF4-4503-9CFA-579EC4BB7FA7}.Debug|Win32.ActiveCfg = Debug|Win32
		{346E8FB1-5BF4-4503-9CFA-579EC4BB7FA7}.Debug|Win32.Build.0 = Debug|Win32
		{346E8FB1-5BF4-4503-9CFA-579EC4BB7FA7}.Release|Win32.ActiveCfg = Release|Win32
		{346E8FB1-5BF4-4503-9CFA-579EC4BB7FA7}.Release|Win32.Build.0 = Release|Win32
		{DFE61A03-25C4-469C-A914-FB4B1532DF50}.Debug|Win32.ActiveCfg = Debug|Win32
		{DFE61A03-25C4-469C-A914-FB4B1532DF50}.Debug|Win32.Build.0 = Debug|Win32
		{DFE61A03-25C4-469C-A914-FB4B1532DF50}.Release|Win32.ActiveCfg = Release|Win32
		{DFE61A03-25C4-469C-A914-FB4B1532DF50}.Release|Win32.Build.0 = Release|Win32
		{BD284211-3BFC-421C-BB70-34E8BE0F5F4C}.Debug|Win32.ActiveCfg = Debug|Win32
		{BD284211-3BFC-421C-BB70-34E8BE0F5F4C}.Debug|Win32.Build.0 = Debug|Win32
		{BD284211-3BFC-421C-BB70-34E8BE0F5F4C}.Release|Win32.ActiveCfg = Release|Win32
		{BD284211-3BFC-421C-BB70-34E8BE0F5F4C}.Release|Win32.Build.0 = Release|Win32
	EndGlobalSection
	GlobalSection(SolutionProperties) = preSolution
		HideSolutionNode = FALSE
	EndGlobalSection
EndGlobal
